
Microsoft Visual Studio Solution File, Format Version 12.00
# Visual Studio Version 16
VisualStudioVersion = 16.0.29911.84
MinimumVisualStudioVersion = 10.0.40219.1
Project("{8BC9CEB8-8B4A-11D0-8D11-00A0C91BC942}") = "BoostPgms", "BoostPgms\BoostPgms.vcxproj", "{C4F8B198-FAC2-4BAE-BAD6-1C9F54F58ACA}"
EndProject
Project("{8BC9CEB8-8B4A-11D0-8D11-00A0C91BC942}") = "Signals2", "..\..\boost-cpp-libraries-introduction\5-boost-m05-exercise-files\Signals2\Signals2\Signals2.vcxproj", "{B546F062-3C26-482C-8603-F30FDE64E44B}"
EndProject
Global
	GlobalSection(SolutionConfigurationPlatforms) = preSolution
		Debug|x64 = Debug|x64
		Debug|x86 = Debug|x86
		Release|x64 = Release|x64
		Release|x86 = Release|x86
	EndGlobalSection
	GlobalSection(ProjectConfigurationPlatforms) = postSolution
		{C4F8B198-FAC2-4BAE-BAD6-1C9F54F58ACA}.Debug|x64.ActiveCfg = Debug|x64
		{C4F8B198-FAC2-4BAE-BAD6-1C9F54F58ACA}.Debug|x64.Build.0 = Debug|x64
		{C4F8B198-FAC2-4BAE-BAD6-1C9F54F58ACA}.Debug|x86.ActiveCfg = Debug|Win32
		{C4F8B198-FAC2-4BAE-BAD6-1C9F54F58ACA}.Debug|x86.Build.0 = Debug|Win32
		{C4F8B198-FAC2-4BAE-BAD6-1C9F54F58ACA}.Release|x64.ActiveCfg = Release|x64
		{C4F8B198-FAC2-4BAE-BAD6-1C9F54F58ACA}.Release|x64.Build.0 = Release|x64
		{C4F8B198-FAC2-4BAE-BAD6-1C9F54F58ACA}.Release|x86.ActiveCfg = Release|Win32
		{C4F8B198-FAC2-4BAE-BAD6-1C9F54F58ACA}.Release|x86.Build.0 = Release|Win32
		{B546F062-3C26-482C-8603-F30FDE64E44B}.Debug|x64.ActiveCfg = Debug|Win32
		{B546F062-3C26-482C-8603-F30FDE64E44B}.Debug|x86.ActiveCfg = Debug|Win32
		{B546F062-3C26-482C-8603-F30FDE64E44B}.Debug|x86.Build.0 = Debug|Win32
		{B546F062-3C26-482C-8603-F30FDE64E44B}.Release|x64.ActiveCfg = Release|Win32
		{B546F062-3C26-482C-8603-F30FDE64E44B}.Release|x86.ActiveCfg = Release|Win32
		{B546F062-3C26-482C-8603-F30FDE64E44B}.Release|x86.Build.0 = Release|Win32
	EndGlobalSection
	GlobalSection(SolutionProperties) = preSolution
		HideSolutionNode = FALSE
	EndGlobalSection
	GlobalSection(ExtensibilityGlobals) = postSolution
		SolutionGuid = {FE75A4EC-3767-465B-BFBA-9A9A2339F808}
	EndGlobalSection
EndGlobal
